
Microsoft Visual Studio Solution File, Format Version 12.00
# Visual Studio Version 16
VisualStudioVersion = 16.0.32602.290
MinimumVisualStudioVersion = 10.0.40219.1
Project("{2150E333-8FDC-42A3-9474-1A3956D46DE8}") = "Solution Items", "Solution Items", "{6218503F-AA54-41A1-B33B-764A5802EBFD}"
	ProjectSection(SolutionItems) = preProject
		TextFile1.txt = TextFile1.txt
		TextFile2.txt = TextFile2.txt
	EndProjectSection
EndProject
Global
	GlobalSection(SolutionProperties) = preSolution
		HideSolutionNode = FALSE
	EndGlobalSection
	GlobalSection(ExtensibilityGlobals) = postSolution
		SolutionGuid = {B8A41CCC-AAC3-4E49-ADE3-A4EA7A25F7A4}
	EndGlobalSection
EndGlobal
